
Microsoft Visual Studio Solution File, Format Version 12.00
# Visual Studio Version 17
VisualStudioVersion = 17.14.36109.1
MinimumVisualStudioVersion = 10.0.40219.1
Project("{FAE04EC0-301F-11D3-BF4B-00C04F79EFBC}") = "Project_Arduino", "Project_Arduino.csproj", "{EBA76F9D-C625-4F3E-B89A-F4B7BCC8CE34}"
EndProject
Global
	GlobalSection(SolutionConfigurationPlatforms) = preSolution
		Debug|Any CPU = Debug|Any CPU
		Release|Any CPU = Release|Any CPU
	EndGlobalSection
	GlobalSection(ProjectConfigurationPlatforms) = postSolution
		{EBA76F9D-C625-4F3E-B89A-F4B7BCC8CE34}.Debug|Any CPU.ActiveCfg = Debug|Any CPU
		{EBA76F9D-C625-4F3E-B89A-F4B7BCC8CE34}.Debug|Any CPU.Build.0 = Debug|Any CPU
		{EBA76F9D-C625-4F3E-B89A-F4B7BCC8CE34}.Release|Any CPU.ActiveCfg = Release|Any CPU
		{EBA76F9D-C625-4F3E-B89A-F4B7BCC8CE34}.Release|Any CPU.Build.0 = Release|Any CPU
	EndGlobalSection
	GlobalSection(SolutionProperties) = preSolution
		HideSolutionNode = FALSE
	EndGlobalSection
	GlobalSection(ExtensibilityGlobals) = postSolution
		SolutionGuid = {8968CA41-337D-4FDE-8B87-16FFBF1EE287}
	EndGlobalSection
EndGlobal
